
Microsoft Visual Studio Solution File, Format Version 12.00
# Visual Studio Version 16
VisualStudioVersion = 16.0.28917.182
MinimumVisualStudioVersion = 10.0.40219.1
Project("{FAE04EC0-301F-11D3-BF4B-00C04F79EFBC}") = "Vega", "Vega\Vega.csproj", "{23675B3C-A6DB-403F-B17E-AF69A47FEE21}"
EndProject
Global
	GlobalSection(SolutionConfigurationPlatforms) = preSolution
		Debug|Any CPU = Debug|Any CPU
		Release|Any CPU = Release|Any CPU
	EndGlobalSection
	GlobalSection(ProjectConfigurationPlatforms) = postSolution
		{23675B3C-A6DB-403F-B17E-AF69A47FEE21}.Debug|Any CPU.ActiveCfg = Debug|Any CPU
		{23675B3C-A6DB-403F-B17E-AF69A47FEE21}.Debug|Any CPU.Build.0 = Debug|Any CPU
		{23675B3C-A6DB-403F-B17E-AF69A47FEE21}.Release|Any CPU.ActiveCfg = Release|Any CPU
		{23675B3C-A6DB-403F-B17E-AF69A47FEE21}.Release|Any CPU.Build.0 = Release|Any CPU
	EndGlobalSection
	GlobalSection(SolutionProperties) = preSolution
		HideSolutionNode = FALSE
	EndGlobalSection
	GlobalSection(ExtensibilityGlobals) = postSolution
		SolutionGuid = {04A748F2-0697-433D-846B-03F5C5FA74CF}
	EndGlobalSection
EndGlobal
